// !$*UTF8*$!
{
	archiveVersion = 1;
	classes = {
	};
	objectVersion = 50;
	objects = {

/* Begin PBXBuildFile section */
		022B3568252B4E4200B15F4E /* AppDelegate.swift in Sources */ = {isa = PBXBuildFile; fileRef = 022B3567252B4E4200B15F4E /* AppDelegate.swift */; };
		022B356A252B4E4200B15F4E /* SceneDelegate.swift in Sources */ = {isa = PBXBuildFile; fileRef = 022B3569252B4E4200B15F4E /* SceneDelegate.swift */; };
		022B356C252B4E4200B15F4E /* ViewController.swift in Sources */ = {isa = PBXBuildFile; fileRef = 022B356B252B4E4200B15F4E /* ViewController.swift */; };
		022B356F252B4E4200B15F4E /* Main.storyboard in Resources */ = {isa = PBXBuildFile; fileRef = 022B356D252B4E4200B15F4E /* Main.storyboard */; };
		022B3571252B4E4300B15F4E /* Assets.xcassets in Resources */ = {isa = PBXBuildFile; fileRef = 022B3570252B4E4300B15F4E /* Assets.xcassets */; };
		022B3574252B4E4300B15F4E /* LaunchScreen.storyboard in Resources */ = {isa = PBXBuildFile; fileRef = 022B3572252B4E4300B15F4E /* LaunchScreen.storyboard */; };
		022B357F252B4E4300B15F4E /* PokemonTests.swift in Sources */ = {isa = PBXBuildFile; fileRef = 022B357E252B4E4300B15F4E /* PokemonTests.swift */; };
		022B358A252B4E4300B15F4E /* PokemonUITests.swift in Sources */ = {isa = PBXBuildFile; fileRef = 022B3589252B4E4300B15F4E /* PokemonUITests.swift */; };
/* End PBXBuildFile section */

/* Begin PBXContainerItemProxy section */
		022B357B252B4E4300B15F4E /* PBXContainerItemProxy */ = {
			isa = PBXContainerItemProxy;
			containerPortal = 022B355C252B4E4200B15F4E /* Project object */;
			proxyType = 1;
			remoteGlobalIDString = 022B3563252B4E4200B15F4E;
			remoteInfo = Pokemon;
		};
		022B3586252B4E4300B15F4E /* PBXContainerItemProxy */ = {
			isa = PBXContainerItemProxy;
			containerPortal = 022B355C252B4E4200B15F4E /* Project object */;
			proxyType = 1;
			remoteGlobalIDString = 022B3563252B4E4200B15F4E;
			remoteInfo = Pokemon;
		};
/* End PBXContainerItemProxy section */

/* Begin PBXFileReference section */
		022B3564252B4E4200B15F4E /* Pokemon.app */ = {isa = PBXFileReference; explicitFileType = wrapper.application; includeInIndex = 0; path = Pokemon.app; sourceTree = BUILT_PRODUCTS_DIR; };
		022B3567252B4E4200B15F4E /* AppDelegate.swift */ = {isa = PBXFileReference; lastKnownFileType = sourcecode.swift; path = AppDelegate.swift; sourceTree = "<group>"; };
		022B3569252B4E4200B15F4E /* SceneDelegate.swift */ = {isa = PBXFileReference; lastKnownFileType = sourcecode.swift; path = SceneDelegate.swift; sourceTree = "<group>"; };
		022B356B252B4E4200B15F4E /* ViewController.swift */ = {isa = PBXFileReference; lastKnownFileType = sourcecode.swift; path = ViewController.swift; sourceTree = "<group>"; };
		022B356E252B4E4200B15F4E /* Base */ = {isa = PBXFileReference; lastKnownFileType = file.storyboard; name = Base; path = Base.lproj/Main.storyboard; sourceTree = "<group>"; };
		022B3570252B4E4300B15F4E /* Assets.xcassets */ = {isa = PBXFileReference; lastKnownFileType = folder.assetcatalog; path = Assets.xcassets; sourceTree = "<group>"; };
		022B3573252B4E4300B15F4E /* Base */ = {isa = PBXFileReference; lastKnownFileType = file.storyboard; name = Base; path = Base.lproj/LaunchScreen.storyboard; sourceTree = "<group>"; };
		022B3575252B4E4300B15F4E /* Info.plist */ = {isa = PBXFileReference; lastKnownFileType = text.plist.xml; path = Info.plist; sourceTree = "<group>"; };
		022B357A252B4E4300B15F4E /* PokemonTests.xctest */ = {isa = PBXFileReference; explicitFileType = wrapper.cfbundle; includeInIndex = 0; path = PokemonTests.xctest; sourceTree = BUILT_PRODUCTS_DIR; };
		022B357E252B4E4300B15F4E /* PokemonTests.swift */ = {isa = PBXFileReference; lastKnownFileType = sourcecode.swift; path = PokemonTests.swift; sourceTree = "<group>"; };
		022B3580252B4E4300B15F4E /* Info.plist */ = {isa = PBXFileReference; lastKnownFileType = text.plist.xml; path = Info.plist; sourceTree = "<group>"; };
		022B3585252B4E4300B15F4E /* PokemonUITests.xctest */ = {isa = PBXFileReference; explicitFileType = wrapper.cfbundle; includeInIndex = 0; path = PokemonUITests.xctest; sourceTree = BUILT_PRODUCTS_DIR; };
		022B3589252B4E4300B15F4E /* PokemonUITests.swift */ = {isa = PBXFileReference; lastKnownFileType = sourcecode.swift; path = PokemonUITests.swift; sourceTree = "<group>"; };
		022B358B252B4E4300B15F4E /* Info.plist */ = {isa = PBXFileReference; lastKnownFileType = text.plist.xml; path = Info.plist; sourceTree = "<group>"; };
/* End PBXFileReference section */

/* Begin PBXFrameworksBuildPhase section */
		022B3561252B4E4200B15F4E /* Frameworks */ = {
			isa = PBXFrameworksBuildPhase;
			buildActionMask = 2147483647;
			files = (
			);
			runOnlyForDeploymentPostprocessing = 0;
		};
		022B3577252B4E4300B15F4E /* Frameworks */ = {
			isa = PBXFrameworksBuildPhase;
			buildActionMask = 2147483647;
			files = (
			);
			runOnlyForDeploymentPostprocessing = 0;
		};
		022B3582252B4E4300B15F4E /* Frameworks */ = {
			isa = PBXFrameworksBuildPhase;
			buildActionMask = 2147483647;
			files = (
			);
			runOnlyForDeploymentPostprocessing = 0;
		};
/* End PBXFrameworksBuildPhase section */

/* Begin PBXGroup section */
		022B355B252B4E4200B15F4E = {
			isa = PBXGroup;
			children = (
				022B3566252B4E4200B15F4E /* Pokemon */,
				022B357D252B4E4300B15F4E /* PokemonTests */,
				022B3588252B4E4300B15F4E /* PokemonUITests */,
				022B3565252B4E4200B15F4E /* Products */,
			);
			sourceTree = "<group>";
		};
		022B3565252B4E4200B15F4E /* Products */ = {
			isa = PBXGroup;
			children = (
				022B3564252B4E4200B15F4E /* Pokemon.app */,
				022B357A252B4E4300B15F4E /* PokemonTests.xctest */,
				022B3585252B4E4300B15F4E /* PokemonUITests.xctest */,
			);
			name = Products;
			sourceTree = "<group>";
		};
		022B3566252B4E4200B15F4E /* Pokemon */ = {
			isa = PBXGroup;
			children = (
				022B3567252B4E4200B15F4E /* AppDelegate.swift */,
				022B3569252B4E4200B15F4E /* SceneDelegate.swift */,
				022B356B252B4E4200B15F4E /* ViewController.swift */,
				022B356D252B4E4200B15F4E /* Main.storyboard */,
				022B3570252B4E4300B15F4E /* Assets.xcassets */,
				022B3572252B4E4300B15F4E /* LaunchScreen.storyboard */,
				022B3575252B4E4300B15F4E /* Info.plist */,
			);
			path = Pokemon;
			sourceTree = "<group>";
		};
		022B357D252B4E4300B15F4E /* PokemonTests */ = {
			isa = PBXGroup;
			children = (
				022B357E252B4E4300B15F4E /* PokemonTests.swift */,
				022B3580252B4E4300B15F4E /* Info.plist */,
			);
			path = PokemonTests;
			sourceTree = "<group>";
		};
		022B3588252B4E4300B15F4E /* PokemonUITests */ = {
			isa = PBXGroup;
			children = (
				022B3589252B4E4300B15F4E /* PokemonUITests.swift */,
				022B358B252B4E4300B15F4E /* Info.plist */,
			);
			path = PokemonUITests;
			sourceTree = "<group>";
		};
/* End PBXGroup section */

/* Begin PBXNativeTarget section */
		022B3563252B4E4200B15F4E /* Pokemon */ = {
			isa = PBXNativeTarget;
			buildConfigurationList = 022B358E252B4E4300B15F4E /* Build configuration list for PBXNativeTarget "Pokemon" */;
			buildPhases = (
				022B3560252B4E4200B15F4E /* Sources */,
				022B3561252B4E4200B15F4E /* Frameworks */,
				022B3562252B4E4200B15F4E /* Resources */,
			);
			buildRules = (
			);
			dependencies = (
			);
			name = Pokemon;
			productName = Pokemon;
			productReference = 022B3564252B4E4200B15F4E /* Pokemon.app */;
			productType = "com.apple.product-type.application";
		};
		022B3579252B4E4300B15F4E /* PokemonTests */ = {
			isa = PBXNativeTarget;
			buildConfigurationList = 022B3591252B4E4300B15F4E /* Build configuration list for PBXNativeTarget "PokemonTests" */;
			buildPhases = (
				022B3576252B4E4300B15F4E /* Sources */,
				022B3577252B4E4300B15F4E /* Frameworks */,
				022B3578252B4E4300B15F4E /* Resources */,
			);
			buildRules = (
			);
			dependencies = (
				022B357C252B4E4300B15F4E /* PBXTargetDependency */,
			);
			name = PokemonTests;
			productName = PokemonTests;
			productReference = 022B357A252B4E4300B15F4E /* PokemonTests.xctest */;
			productType = "com.apple.product-type.bundle.unit-test";
		};
		022B3584252B4E4300B15F4E /* PokemonUITests */ = {
			isa = PBXNativeTarget;
			buildConfigurationList = 022B3594252B4E4300B15F4E /* Build configuration list for PBXNativeTarget "PokemonUITests" */;
			buildPhases = (
				022B3581252B4E4300B15F4E /* Sources */,
				022B3582252B4E4300B15F4E /* Frameworks */,
				022B3583252B4E4300B15F4E /* Resources */,
			);
			buildRules = (
			);
			dependencies = (
				022B3587252B4E4300B15F4E /* PBXTargetDependency */,
			);
			name = PokemonUITests;
			productName = PokemonUITests;
			productReference = 022B3585252B4E4300B15F4E /* PokemonUITests.xctest */;
			productType = "com.apple.product-type.bundle.ui-testing";
		};
/* End PBXNativeTarget section */

/* Begin PBXProject section */
		022B355C252B4E4200B15F4E /* Project object */ = {
			isa = PBXProject;
			attributes = {
				LastSwiftUpdateCheck = 1200;
				LastUpgradeCheck = 1200;
				TargetAttributes = {
					022B3563252B4E4200B15F4E = {
						CreatedOnToolsVersion = 12.0.1;
					};
					022B3579252B4E4300B15F4E = {
						CreatedOnToolsVersion = 12.0.1;
						TestTargetID = 022B3563252B4E4200B15F4E;
					};
					022B3584252B4E4300B15F4E = {
						CreatedOnToolsVersion = 12.0.1;
						TestTargetID = 022B3563252B4E4200B15F4E;
					};
				};
			};
			buildConfigurationList = 022B355F252B4E4200B15F4E /* Build configuration list for PBXProject "Pokemon" */;
			compatibilityVersion = "Xcode 9.3";
			developmentRegion = en;
			hasScannedForEncodings = 0;
			knownRegions = (
				en,
				Base,
			);
			mainGroup = 022B355B252B4E4200B15F4E;
			productRefGroup = 022B3565252B4E4200B15F4E /* Products */;
			projectDirPath = "";
			projectRoot = "";
			targets = (
				022B3563252B4E4200B15F4E /* Pokemon */,
				022B3579252B4E4300B15F4E /* PokemonTests */,
				022B3584252B4E4300B15F4E /* PokemonUITests */,
			);
		};
/* End PBXProject section */

/* Begin PBXResourcesBuildPhase section */
		022B3562252B4E4200B15F4E /* Resources */ = {
			isa = PBXResourcesBuildPhase;
			buildActionMask = 2147483647;
			files = (
				022B3574252B4E4300B15F4E /* LaunchScreen.storyboard in Resources */,
				022B3571252B4E4300B15F4E /* Assets.xcassets in Resources */,
				022B356F252B4E4200B15F4E /* Main.storyboard in Resources */,
			);
			runOnlyForDeploymentPostprocessing = 0;
		};
		022B3578252B4E4300B15F4E /* Resources */ = {
			isa = PBXResourcesBuildPhase;
			buildActionMask = 2147483647;
			files = (
			);
			runOnlyForDeploymentPostprocessing = 0;
		};
		022B3583252B4E4300B15F4E /* Resources */ = {
			isa = PBXResourcesBuildPhase;
			buildActionMask = 2147483647;
			files = (
			);
			runOnlyForDeploymentPostprocessing = 0;
		};
/* End PBXResourcesBuildPhase section */

/* Begin PBXSourcesBuildPhase section */
		022B3560252B4E4200B15F4E /* Sources */ = {
			isa = PBXSourcesBuildPhase;
			buildActionMask = 2147483647;
			files = (
				022B356C252B4E4200B15F4E /* ViewController.swift in Sources */,
				022B3568252B4E4200B15F4E /* AppDelegate.swift in Sources */,
				022B356A252B4E4200B15F4E /* SceneDelegate.swift in Sources */,
			);
			runOnlyForDeploymentPostprocessing = 0;
		};
		022B3576252B4E4300B15F4E /* Sources */ = {
			isa = PBXSourcesBuildPhase;
			buildActionMask = 2147483647;
			files = (
				022B357F252B4E4300B15F4E /* PokemonTests.swift in Sources */,
			);
			runOnlyForDeploymentPostprocessing = 0;
		};
		022B3581252B4E4300B15F4E /* Sources */ = {
			isa = PBXSourcesBuildPhase;
			buildActionMask = 2147483647;
			files = (
				022B358A252B4E4300B15F4E /* PokemonUITests.swift in Sources */,
			);
			runOnlyForDeploymentPostprocessing = 0;
		};
/* End PBXSourcesBuildPhase section */

/* Begin PBXTargetDependency section */
		022B357C252B4E4300B15F4E /* PBXTargetDependency */ = {
			isa = PBXTargetDependency;
			target = 022B3563252B4E4200B15F4E /* Pokemon */;
			targetProxy = 022B357B252B4E4300B15F4E /* PBXContainerItemProxy */;
		};
		022B3587252B4E4300B15F4E /* PBXTargetDependency */ = {
			isa = PBXTargetDependency;
			target = 022B3563252B4E4200B15F4E /* Pokemon */;
			targetProxy = 022B3586252B4E4300B15F4E /* PBXContainerItemProxy */;
		};
/* End PBXTargetDependency section */

/* Begin PBXVariantGroup section */
		022B356D252B4E4200B15F4E /* Main.storyboard */ = {
			isa = PBXVariantGroup;
			children = (
				022B356E252B4E4200B15F4E /* Base */,
			);
			name = Main.storyboard;
			sourceTree = "<group>";
		};
		022B3572252B4E4300B15F4E /* LaunchScreen.storyboard */ = {
			isa = PBXVariantGroup;
			children = (
				022B3573252B4E4300B15F4E /* Base */,
			);
			name = LaunchScreen.storyboard;
			sourceTree = "<group>";
		};
/* End PBXVariantGroup section */

/* Begin XCBuildConfiguration section */
		022B358C252B4E4300B15F4E /* Debug */ = {
			isa = XCBuildConfiguration;
			buildSettings = {
				ALWAYS_SEARCH_USER_PATHS = NO;
				CLANG_ANALYZER_NONNULL = YES;
				CLANG_ANALYZER_NUMBER_OBJECT_CONVERSION = YES_AGGRESSIVE;
				CLANG_CXX_LANGUAGE_STANDARD = "gnu++14";
				CLANG_CXX_LIBRARY = "libc++";
				CLANG_ENABLE_MODULES = YES;
				CLANG_ENABLE_OBJC_ARC = YES;
				CLANG_ENABLE_OBJC_WEAK = YES;
				CLANG_WARN_BLOCK_CAPTURE_AUTORELEASING = YES;
				CLANG_WARN_BOOL_CONVERSION = YES;
				CLANG_WARN_COMMA = YES;
				CLANG_WARN_CONSTANT_CONVERSION = YES;
				CLANG_WARN_DEPRECATED_OBJC_IMPLEMENTATIONS = YES;
				CLANG_WARN_DIRECT_OBJC_ISA_USAGE = YES_ERROR;
				CLANG_WARN_DOCUMENTATION_COMMENTS = YES;
				CLANG_WARN_EMPTY_BODY = YES;
				CLANG_WARN_ENUM_CONVERSION = YES;
				CLANG_WARN_INFINITE_RECURSION = YES;
				CLANG_WARN_INT_CONVERSION = YES;
				CLANG_WARN_NON_LITERAL_NULL_CONVERSION = YES;
				CLANG_WARN_OBJC_IMPLICIT_RETAIN_SELF = YES;
				CLANG_WARN_OBJC_LITERAL_CONVERSION = YES;
				CLANG_WARN_OBJC_ROOT_CLASS = YES_ERROR;
				CLANG_WARN_QUOTED_INCLUDE_IN_FRAMEWORK_HEADER = YES;
				CLANG_WARN_RANGE_LOOP_ANALYSIS = YES;
				CLANG_WARN_STRICT_PROTOTYPES = YES;
				CLANG_WARN_SUSPICIOUS_MOVE = YES;
				CLANG_WARN_UNGUARDED_AVAILABILITY = YES_AGGRESSIVE;
				CLANG_WARN_UNREACHABLE_CODE = YES;
				CLANG_WARN__DUPLICATE_METHOD_MATCH = YES;
				COPY_PHASE_STRIP = NO;
				DEBUG_INFORMATION_FORMAT = dwarf;
				ENABLE_STRICT_OBJC_MSGSEND = YES;
				ENABLE_TESTABILITY = YES;
				GCC_C_LANGUAGE_STANDARD = gnu11;
				GCC_DYNAMIC_NO_PIC = NO;
				GCC_NO_COMMON_BLOCKS = YES;
				GCC_OPTIMIZATION_LEVEL = 0;
				GCC_PREPROCESSOR_DEFINITIONS = (
					"DEBUG=1",
					"$(inherited)",
				);
				GCC_WARN_64_TO_32_BIT_CONVERSION = YES;
				GCC_WARN_ABOUT_RETURN_TYPE = YES_ERROR;
				GCC_WARN_UNDECLARED_SELECTOR = YES;
				GCC_WARN_UNINITIALIZED_AUTOS = YES_AGGRESSIVE;
				GCC_WARN_UNUSED_FUNCTION = YES;
				GCC_WARN_UNUSED_VARIABLE = YES;
				IPHONEOS_DEPLOYMENT_TARGET = 14.0;
				MTL_ENABLE_DEBUG_INFO = INCLUDE_SOURCE;
				MTL_FAST_MATH = YES;
				ONLY_ACTIVE_ARCH = YES;
				SDKROOT = iphoneos;
				SWIFT_ACTIVE_COMPILATION_CONDITIONS = DEBUG;
				SWIFT_OPTIMIZATION_LEVEL = "-Onone";
			};
			name = Debug;
		};
		022B358D252B4E4300B15F4E /* Release */ = {
			isa = XCBuildConfiguration;
			buildSettings = {
				ALWAYS_SEARCH_USER_PATHS = NO;
				CLANG_ANALYZER_NONNULL = YES;
				CLANG_ANALYZER_NUMBER_OBJECT_CONVERSION = YES_AGGRESSIVE;
				CLANG_CXX_LANGUAGE_STANDARD = "gnu++14";
				CLANG_CXX_LIBRARY = "libc++";
				CLANG_ENABLE_MODULES = YES;
				CLANG_ENABLE_OBJC_ARC = YES;
				CLANG_ENABLE_OBJC_WEAK = YES;
				CLANG_WARN_BLOCK_CAPTURE_AUTORELEASING = YES;
				CLANG_WARN_BOOL_CONVERSION = YES;
				CLANG_WARN_COMMA = YES;
				CLANG_WARN_CONSTANT_CONVERSION = YES;
				CLANG_WARN_DEPRECATED_OBJC_IMPLEMENTATIONS = YES;
				CLANG_WARN_DIRECT_OBJC_ISA_USAGE = YES_ERROR;
				CLANG_WARN_DOCUMENTATION_COMMENTS = YES;
				CLANG_WARN_EMPTY_BODY = YES;
				CLANG_WARN_ENUM_CONVERSION = YES;
				CLANG_WARN_INFINITE_RECURSION = YES;
				CLANG_WARN_INT_CONVERSION = YES;
				CLANG_WARN_NON_LITERAL_NULL_CONVERSION = YES;
				CLANG_WARN_OBJC_IMPLICIT_RETAIN_SELF = YES;
				CLANG_WARN_OBJC_LITERAL_CONVERSION = YES;
				CLANG_WARN_OBJC_ROOT_CLASS = YES_ERROR;
				CLANG_WARN_QUOTED_INCLUDE_IN_FRAMEWORK_HEADER = YES;
				CLANG_WARN_RANGE_LOOP_ANALYSIS = YES;
				CLANG_WARN_STRICT_PROTOTYPES = YES;
				CLANG_WARN_SUSPICIOUS_MOVE = YES;
				CLANG_WARN_UNGUARDED_AVAILABILITY = YES_AGGRESSIVE;
				CLANG_WARN_UNREACHABLE_CODE = YES;
				CLANG_WARN__DUPLICATE_METHOD_MATCH = YES;
				COPY_PHASE_STRIP = NO;
				DEBUG_INFORMATION_FORMAT = "dwarf-with-dsym";
				ENABLE_NS_ASSERTIONS = NO;
				ENABLE_STRICT_OBJC_MSGSEND = YES;
				GCC_C_LANGUAGE_STANDARD = gnu11;
				GCC_NO_COMMON_BLOCKS = YES;
				GCC_WARN_64_TO_32_BIT_CONVERSION = YES;
				GCC_WARN_ABOUT_RETURN_TYPE = YES_ERROR;
				GCC_WARN_UNDECLARED_SELECTOR = YES;
				GCC_WARN_UNINITIALIZED_AUTOS = YES_AGGRESSIVE;
				GCC_WARN_UNUSED_FUNCTION = YES;
				GCC_WARN_UNUSED_VARIABLE = YES;
				IPHONEOS_DEPLOYMENT_TARGET = 14.0;
				MTL_ENABLE_DEBUG_INFO = NO;
				MTL_FAST_MATH = YES;
				SDKROOT = iphoneos;
				SWIFT_COMPILATION_MODE = wholemodule;
				SWIFT_OPTIMIZATION_LEVEL = "-O";
				VALIDATE_PRODUCT = YES;
			};
			name = Release;
		};
		022B358F252B4E4300B15F4E /* Debug */ = {
			isa = XCBuildConfiguration;
			buildSettings = {
				ASSETCATALOG_COMPILER_APPICON_NAME = AppIcon;
				ASSETCATALOG_COMPILER_GLOBAL_ACCENT_COLOR_NAME = AccentColor;
				CODE_SIGN_STYLE = Automatic;
				DEVELOPMENT_TEAM = X87DJ5VLZ3;
				INFOPLIST_FILE = Pokemon/Info.plist;
				LD_RUNPATH_SEARCH_PATHS = (
					"$(inherited)",
					"@executable_path/Frameworks",
				);
				PRODUCT_BUNDLE_IDENTIFIER = com.mkishor.Pokemon;
				PRODUCT_NAME = "$(TARGET_NAME)";
				SWIFT_VERSION = 5.0;
				TARGETED_DEVICE_FAMILY = "1,2";
			};
			name = Debug;
		};
		022B3590252B4E4300B15F4E /* Release */ = {
			isa = XCBuildConfiguration;
			buildSettings = {
				ASSETCATALOG_COMPILER_APPICON_NAME = AppIcon;
				ASSETCATALOG_COMPILER_GLOBAL_ACCENT_COLOR_NAME = AccentColor;
				CODE_SIGN_STYLE = Automatic;
				DEVELOPMENT_TEAM = X87DJ5VLZ3;
				INFOPLIST_FILE = Pokemon/Info.plist;
				LD_RUNPATH_SEARCH_PATHS = (
					"$(inherited)",
					"@executable_path/Frameworks",
				);
				PRODUCT_BUNDLE_IDENTIFIER = com.mkishor.Pokemon;
				PRODUCT_NAME = "$(TARGET_NAME)";
				SWIFT_VERSION = 5.0;
				TARGETED_DEVICE_FAMILY = "1,2";
			};
			name = Release;
		};
		022B3592252B4E4300B15F4E /* Debug */ = {
			isa = XCBuildConfiguration;
			buildSettings = {
				ALWAYS_EMBED_SWIFT_STANDARD_LIBRARIES = YES;
				BUNDLE_LOADER = "$(TEST_HOST)";
				CODE_SIGN_STYLE = Automatic;
				DEVELOPMENT_TEAM = X87DJ5VLZ3;
				INFOPLIST_FILE = PokemonTests/Info.plist;
				IPHONEOS_DEPLOYMENT_TARGET = 14.0;
				LD_RUNPATH_SEARCH_PATHS = (
					"$(inherited)",
					"@executable_path/Frameworks",
					"@loader_path/Frameworks",
				);
				PRODUCT_BUNDLE_IDENTIFIER = com.mkishor.PokemonTests;
				PRODUCT_NAME = "$(TARGET_NAME)";
				SWIFT_VERSION = 5.0;
				TARGETED_DEVICE_FAMILY = "1,2";
				TEST_HOST = "$(BUILT_PRODUCTS_DIR)/Pokemon.app/Pokemon";
			};
			name = Debug;
		};
		022B3593252B4E4300B15F4E /* Release */ = {
			isa = XCBuildConfiguration;
			buildSettings = {
				ALWAYS_EMBED_SWIFT_STANDARD_LIBRARIES = YES;
				BUNDLE_LOADER = "$(TEST_HOST)";
				CODE_SIGN_STYLE = Automatic;
				DEVELOPMENT_TEAM = X87DJ5VLZ3;
				INFOPLIST_FILE = PokemonTests/Info.plist;
				IPHONEOS_DEPLOYMENT_TARGET = 14.0;
				LD_RUNPATH_SEARCH_PATHS = (
					"$(inherited)",
					"@executable_path/Frameworks",
					"@loader_path/Frameworks",
				);
				PRODUCT_BUNDLE_IDENTIFIER = com.mkishor.PokemonTests;
				PRODUCT_NAME = "$(TARGET_NAME)";
				SWIFT_VERSION = 5.0;
				TARGETED_DEVICE_FAMILY = "1,2";
				TEST_HOST = "$(BUILT_PRODUCTS_DIR)/Pokemon.app/Pokemon";
			};
			name = Release;
		};
		022B3595252B4E4300B15F4E /* Debug */ = {
			isa = XCBuildConfiguration;
			buildSettings = {
				ALWAYS_EMBED_SWIFT_STANDARD_LIBRARIES = YES;
				CODE_SIGN_STYLE = Automatic;
				DEVELOPMENT_TEAM = X87DJ5VLZ3;
				INFOPLIST_FILE = PokemonUITests/Info.plist;
				LD_RUNPATH_SEARCH_PATHS = (
					"$(inherited)",
					"@executable_path/Frameworks",
					"@loader_path/Frameworks",
				);
				PRODUCT_BUNDLE_IDENTIFIER = com.mkishor.PokemonUITests;
				PRODUCT_NAME = "$(TARGET_NAME)";
				SWIFT_VERSION = 5.0;
				TARGETED_DEVICE_FAMILY = "1,2";
				TEST_TARGET_NAME = Pokemon;
			};
			name = Debug;
		};
		022B3596252B4E4300B15F4E /* Release */ = {
			isa = XCBuildConfiguration;
			buildSettings = {
				ALWAYS_EMBED_SWIFT_STANDARD_LIBRARIES = YES;
				CODE_SIGN_STYLE = Automatic;
				DEVELOPMENT_TEAM = X87DJ5VLZ3;
				INFOPLIST_FILE = PokemonUITests/Info.plist;
				LD_RUNPATH_SEARCH_PATHS = (
					"$(inherited)",
					"@executable_path/Frameworks",
					"@loader_path/Frameworks",
				);
				PRODUCT_BUNDLE_IDENTIFIER = com.mkishor.PokemonUITests;
				PRODUCT_NAME = "$(TARGET_NAME)";
				SWIFT_VERSION = 5.0;
				TARGETED_DEVICE_FAMILY = "1,2";
				TEST_TARGET_NAME = Pokemon;
			};
			name = Release;
		};
/* End XCBuildConfiguration section */

/* Begin XCConfigurationList section */
		022B355F252B4E4200B15F4E /* Build configuration list for PBXProject "Pokemon" */ = {
			isa = XCConfigurationList;
			buildConfigurations = (
				022B358C252B4E4300B15F4E /* Debug */,
				022B358D252B4E4300B15F4E /* Release */,
			);
			defaultConfigurationIsVisible = 0;
			defaultConfigurationName = Release;
		};
		022B358E252B4E4300B15F4E /* Build configuration list for PBXNativeTarget "Pokemon" */ = {
			isa = XCConfigurationList;
			buildConfigurations = (
				022B358F252B4E4300B15F4E /* Debug */,
				022B3590252B4E4300B15F4E /* Release */,
			);
			defaultConfigurationIsVisible = 0;
			defaultConfigurationName = Release;
		};
		022B3591252B4E4300B15F4E /* Build configuration list for PBXNativeTarget "PokemonTests" */ = {
			isa = XCConfigurationList;
			buildConfigurations = (
				022B3592252B4E4300B15F4E /* Debug */,
				022B3593252B4E4300B15F4E /* Release */,
			);
			defaultConfigurationIsVisible = 0;
			defaultConfigurationName = Release;
		};
		022B3594252B4E4300B15F4E /* Build configuration list for PBXNativeTarget "PokemonUITests" */ = {
			isa = XCConfigurationList;
			buildConfigurations = (
				022B3595252B4E4300B15F4E /* Debug */,
				022B3596252B4E4300B15F4E /* Release */,
			);
			defaultConfigurationIsVisible = 0;
			defaultConfigurationName = Release;
		};
/* End XCConfigurationList section */
	};
	rootObject = 022B355C252B4E4200B15F4E /* Project object */;
}
